# THIS IS AN AUTOGENERATED FILE. DO NOT EDIT THIS FILE DIRECTLY.
# yarn lockfile v1


coffeescript@^2.3.2:
  version "2.3.2"
  resolved "https://registry.yarnpkg.com/coffeescript/-/coffeescript-2.3.2.tgz#e854a7020dfe47b7cf4dd412042e32ef1e269810"
  integrity sha512-YObiFDoukx7qPBi/K0kUKyntEZDfBQiqs/DbrR1xzASKOBjGT7auD85/DiPeRr9k++lRj7l3uA9TNMLfyfcD/Q==
